
Microsoft Visual Studio Solution File, Format Version 12.00
# Visual Studio Version 16
VisualStudioVersion = 16.0.30611.23
MinimumVisualStudioVersion = 10.0.40219.1
Project("{FAE04EC0-301F-11D3-BF4B-00C04F79EFBC}") = "ProductManager.Domain", "ProductManager.Domain\ProductManager.Domain.csproj", "{A87238C1-FE70-41D5-A365-8FDD890BC5C4}"
EndProject
Global
	GlobalSection(SolutionConfigurationPlatforms) = preSolution
		Debug|Any CPU = Debug|Any CPU
		Release|Any CPU = Release|Any CPU
	EndGlobalSection
	GlobalSection(ProjectConfigurationPlatforms) = postSolution
		{A87238C1-FE70-41D5-A365-8FDD890BC5C4}.Debug|Any CPU.ActiveCfg = Debug|Any CPU
		{A87238C1-FE70-41D5-A365-8FDD890BC5C4}.Debug|Any CPU.Build.0 = Debug|Any CPU
		{A87238C1-FE70-41D5-A365-8FDD890BC5C4}.Release|Any CPU.ActiveCfg = Release|Any CPU
		{A87238C1-FE70-41D5-A365-8FDD890BC5C4}.Release|Any CPU.Build.0 = Release|Any CPU
	EndGlobalSection
	GlobalSection(SolutionProperties) = preSolution
		HideSolutionNode = FALSE
	EndGlobalSection
	GlobalSection(ExtensibilityGlobals) = postSolution
		SolutionGuid = {13D8AB6A-45AE-423C-AB7A-45C8035A733F}
	EndGlobalSection
EndGlobal
